
Microsoft Visual Studio Solution File, Format Version 12.00
# Visual Studio 2013
VisualStudioVersion = 12.0.40629.0
MinimumVisualStudioVersion = 10.0.40219.1
Project("{2150E333-8FDC-42A3-9474-1A3956D46DE8}") = "Server", "Server", "{5762F5A2-85BE-49AA-8694-57ABB9AD24A7}"
EndProject
Project("{2150E333-8FDC-42A3-9474-1A3956D46DE8}") = "Client", "Client", "{DF2D6A45-F694-4DED-ABA6-DEB64DBFD231}"
EndProject
Project("{FAE04EC0-301F-11D3-BF4B-00C04F79EFBC}") = "Business", "..\Server\Business\Business.csproj", "{3DD79CC3-CFA7-4664-BE32-0EF350D9DE3B}"
EndProject
Project("{FAE04EC0-301F-11D3-BF4B-00C04F79EFBC}") = "Entity", "..\Server\Entity\Entity.csproj", "{24FED4DB-0870-4F4A-A307-C279537D139E}"
EndProject
Project("{FAE04EC0-301F-11D3-BF4B-00C04F79EFBC}") = "Automation.Management", "..\Server\Automation.Management\Automation.Management.csproj", "{B35754EE-3CD1-4A2F-B7DE-8249544B637C}"
EndProject
Project("{FAE04EC0-301F-11D3-BF4B-00C04F79EFBC}") = "Common", "..\Server\Common\Common.csproj", "{6073BAEC-36A5-4D97-B756-178989F925DF}"
EndProject
Project("{FAE04EC0-301F-11D3-BF4B-00C04F79EFBC}") = "Server.Test", "..\Server\Server.Test\Server.Test.csproj", "{0D482EE1-4E2A-49D4-B89A-AFB7375ECAA1}"
EndProject
Project("{2150E333-8FDC-42A3-9474-1A3956D46DE8}") = "Web", "Web", "{18ABCB0F-52B2-4126-9A28-94D2E91232E4}"
EndProject
Project("{FAE04EC0-301F-11D3-BF4B-00C04F79EFBC}") = "LinkSinkWeb", "..\Web\LinkSinkWeb\LinkSinkWeb.csproj", "{903FA205-5B21-490B-B3F3-376FD4236747}"
EndProject
Global
	GlobalSection(SolutionConfigurationPlatforms) = preSolution
		Debug|Any CPU = Debug|Any CPU
		Release|Any CPU = Release|Any CPU
	EndGlobalSection
	GlobalSection(ProjectConfigurationPlatforms) = postSolution
		{3DD79CC3-CFA7-4664-BE32-0EF350D9DE3B}.Debug|Any CPU.ActiveCfg = Debug|Any CPU
		{3DD79CC3-CFA7-4664-BE32-0EF350D9DE3B}.Debug|Any CPU.Build.0 = Debug|Any CPU
		{3DD79CC3-CFA7-4664-BE32-0EF350D9DE3B}.Release|Any CPU.ActiveCfg = Release|Any CPU
		{3DD79CC3-CFA7-4664-BE32-0EF350D9DE3B}.Release|Any CPU.Build.0 = Release|Any CPU
		{24FED4DB-0870-4F4A-A307-C279537D139E}.Debug|Any CPU.ActiveCfg = Debug|Any CPU
		{24FED4DB-0870-4F4A-A307-C279537D139E}.Debug|Any CPU.Build.0 = Debug|Any CPU
		{24FED4DB-0870-4F4A-A307-C279537D139E}.Release|Any CPU.ActiveCfg = Release|Any CPU
		{24FED4DB-0870-4F4A-A307-C279537D139E}.Release|Any CPU.Build.0 = Release|Any CPU
		{B35754EE-3CD1-4A2F-B7DE-8249544B637C}.Debug|Any CPU.ActiveCfg = Debug|Any CPU
		{B35754EE-3CD1-4A2F-B7DE-8249544B637C}.Debug|Any CPU.Build.0 = Debug|Any CPU
		{B35754EE-3CD1-4A2F-B7DE-8249544B637C}.Release|Any CPU.ActiveCfg = Release|Any CPU
		{B35754EE-3CD1-4A2F-B7DE-8249544B637C}.Release|Any CPU.Build.0 = Release|Any CPU
		{6073BAEC-36A5-4D97-B756-178989F925DF}.Debug|Any CPU.ActiveCfg = Debug|Any CPU
		{6073BAEC-36A5-4D97-B756-178989F925DF}.Debug|Any CPU.Build.0 = Debug|Any CPU
		{6073BAEC-36A5-4D97-B756-178989F925DF}.Release|Any CPU.ActiveCfg = Release|Any CPU
		{6073BAEC-36A5-4D97-B756-178989F925DF}.Release|Any CPU.Build.0 = Release|Any CPU
		{0D482EE1-4E2A-49D4-B89A-AFB7375ECAA1}.Debug|Any CPU.ActiveCfg = Debug|Any CPU
		{0D482EE1-4E2A-49D4-B89A-AFB7375ECAA1}.Debug|Any CPU.Build.0 = Debug|Any CPU
		{0D482EE1-4E2A-49D4-B89A-AFB7375ECAA1}.Release|Any CPU.ActiveCfg = Release|Any CPU
		{0D482EE1-4E2A-49D4-B89A-AFB7375ECAA1}.Release|Any CPU.Build.0 = Release|Any CPU
		{903FA205-5B21-490B-B3F3-376FD4236747}.Debug|Any CPU.ActiveCfg = Debug|Any CPU
		{903FA205-5B21-490B-B3F3-376FD4236747}.Debug|Any CPU.Build.0 = Debug|Any CPU
		{903FA205-5B21-490B-B3F3-376FD4236747}.Release|Any CPU.ActiveCfg = Release|Any CPU
		{903FA205-5B21-490B-B3F3-376FD4236747}.Release|Any CPU.Build.0 = Release|Any CPU
	EndGlobalSection
	GlobalSection(SolutionProperties) = preSolution
		HideSolutionNode = FALSE
	EndGlobalSection
	GlobalSection(NestedProjects) = preSolution
		{3DD79CC3-CFA7-4664-BE32-0EF350D9DE3B} = {5762F5A2-85BE-49AA-8694-57ABB9AD24A7}
		{24FED4DB-0870-4F4A-A307-C279537D139E} = {5762F5A2-85BE-49AA-8694-57ABB9AD24A7}
		{6073BAEC-36A5-4D97-B756-178989F925DF} = {5762F5A2-85BE-49AA-8694-57ABB9AD24A7}
		{0D482EE1-4E2A-49D4-B89A-AFB7375ECAA1} = {5762F5A2-85BE-49AA-8694-57ABB9AD24A7}
		{903FA205-5B21-490B-B3F3-376FD4236747} = {18ABCB0F-52B2-4126-9A28-94D2E91232E4}
	EndGlobalSection
EndGlobal
